
Microsoft Visual Studio Solution File, Format Version 12.00
# Visual Studio Version 16
VisualStudioVersion = 16.0.31605.320
MinimumVisualStudioVersion = 10.0.40219.1
Project("{FAE04EC0-301F-11D3-BF4B-00C04F79EFBC}") = "CopyConstructor", "CopyConstructor\CopyConstructor.csproj", "{AB38A25A-758F-4518-87E8-7E1BF9ADF3FF}"
EndProject
Global
	GlobalSection(SolutionConfigurationPlatforms) = preSolution
		Debug|Any CPU = Debug|Any CPU
		Release|Any CPU = Release|Any CPU
	EndGlobalSection
	GlobalSection(ProjectConfigurationPlatforms) = postSolution
		{AB38A25A-758F-4518-87E8-7E1BF9ADF3FF}.Debug|Any CPU.ActiveCfg = Debug|Any CPU
		{AB38A25A-758F-4518-87E8-7E1BF9ADF3FF}.Debug|Any CPU.Build.0 = Debug|Any CPU
		{AB38A25A-758F-4518-87E8-7E1BF9ADF3FF}.Release|Any CPU.ActiveCfg = Release|Any CPU
		{AB38A25A-758F-4518-87E8-7E1BF9ADF3FF}.Release|Any CPU.Build.0 = Release|Any CPU
	EndGlobalSection
	GlobalSection(SolutionProperties) = preSolution
		HideSolutionNode = FALSE
	EndGlobalSection
	GlobalSection(ExtensibilityGlobals) = postSolution
		SolutionGuid = {2423FFEE-417C-4DA7-983F-9C86E4F7E36C}
	EndGlobalSection
EndGlobal
